
Microsoft Visual Studio Solution File, Format Version 12.00
# Visual Studio Version 17
VisualStudioVersion = 17.14.36429.23 d17.14
MinimumVisualStudioVersion = 10.0.40219.1
Project("{FAE04EC0-301F-11D3-BF4B-00C04F79EFBC}") = "Arenas_Anna_ GestionTareas03.01", "Arenas_Anna_ GestionTareas03.01.csproj", "{FFFCC843-C95D-4329-9FFD-9C7659126F55}"
EndProject
Global
	GlobalSection(SolutionConfigurationPlatforms) = preSolution
		Debug|Any CPU = Debug|Any CPU
		Release|Any CPU = Release|Any CPU
	EndGlobalSection
	GlobalSection(ProjectConfigurationPlatforms) = postSolution
		{FFFCC843-C95D-4329-9FFD-9C7659126F55}.Debug|Any CPU.ActiveCfg = Debug|Any CPU
		{FFFCC843-C95D-4329-9FFD-9C7659126F55}.Debug|Any CPU.Build.0 = Debug|Any CPU
		{FFFCC843-C95D-4329-9FFD-9C7659126F55}.Release|Any CPU.ActiveCfg = Release|Any CPU
		{FFFCC843-C95D-4329-9FFD-9C7659126F55}.Release|Any CPU.Build.0 = Release|Any CPU
	EndGlobalSection
	GlobalSection(SolutionProperties) = preSolution
		HideSolutionNode = FALSE
	EndGlobalSection
	GlobalSection(ExtensibilityGlobals) = postSolution
		SolutionGuid = {C9AA7FC9-368C-4029-8AD6-91580D74D0DA}
	EndGlobalSection
EndGlobal
